
Microsoft Visual Studio Solution File, Format Version 12.00
# Visual Studio Version 16
VisualStudioVersion = 16.0.29326.143
MinimumVisualStudioVersion = 10.0.40219.1
Project("{9A19103F-16F7-4668-BE54-9A1E7A4F7556}") = "Image_recognition", "Image_recognition\Image_recognition.csproj", "{5A6F9323-283C-4805-9464-903DAA2DD79C}"
EndProject
Project("{9A19103F-16F7-4668-BE54-9A1E7A4F7556}") = "ImageRecognotionLibrary", "Image_recog_lib\ImageRecognotionLibrary.csproj", "{FBDA0CA2-5D2A-4318-8A78-017A62C49EDB}"
EndProject
Global
	GlobalSection(SolutionConfigurationPlatforms) = preSolution
		Debug|Any CPU = Debug|Any CPU
		Release|Any CPU = Release|Any CPU
	EndGlobalSection
	GlobalSection(ProjectConfigurationPlatforms) = postSolution
		{5A6F9323-283C-4805-9464-903DAA2DD79C}.Debug|Any CPU.ActiveCfg = Debug|Any CPU
		{5A6F9323-283C-4805-9464-903DAA2DD79C}.Debug|Any CPU.Build.0 = Debug|Any CPU
		{5A6F9323-283C-4805-9464-903DAA2DD79C}.Release|Any CPU.ActiveCfg = Release|Any CPU
		{5A6F9323-283C-4805-9464-903DAA2DD79C}.Release|Any CPU.Build.0 = Release|Any CPU
		{FBDA0CA2-5D2A-4318-8A78-017A62C49EDB}.Debug|Any CPU.ActiveCfg = Debug|Any CPU
		{FBDA0CA2-5D2A-4318-8A78-017A62C49EDB}.Debug|Any CPU.Build.0 = Debug|Any CPU
		{FBDA0CA2-5D2A-4318-8A78-017A62C49EDB}.Release|Any CPU.ActiveCfg = Release|Any CPU
		{FBDA0CA2-5D2A-4318-8A78-017A62C49EDB}.Release|Any CPU.Build.0 = Release|Any CPU
	EndGlobalSection
	GlobalSection(SolutionProperties) = preSolution
		HideSolutionNode = FALSE
	EndGlobalSection
	GlobalSection(ExtensibilityGlobals) = postSolution
		SolutionGuid = {58BD78AE-20FF-472C-9A94-25B832B0C927}
	EndGlobalSection
EndGlobal
